{
    "version": 3,
    "terraform_version": "0.7.5",
    "serial": 10,
    "lineage": "5064212e-9757-4122-805b-59053c3549d5",
    "modules": [
        {
            "path": [
                "root"
            ],
            "outputs": {},
            "resources": {
                "aws_instance.docker-swarm-master": {
                    "type": "aws_instance",
                    "depends_on": [
                        "aws_security_group.docker-swarm",
                        "data.aws_ami.docker-swarm"
                    ],
                    "primary": {
                        "id": "i-653cdbf3",
                        "attributes": {
                            "ami": "ami-b9a0f6ca",
                            "availability_zone": "eu-west-1c",
                            "disable_api_termination": "false",
                            "ebs_block_device.#": "0",
                            "ebs_optimized": "false",
                            "ephemeral_block_device.#": "0",
                            "iam_instance_profile": "",
                            "id": "i-653cdbf3",
                            "instance_state": "running",
                            "instance_type": "t2.micro",
                            "key_name": "kubernetes-0491e3dac2a2ad5ef21af84b7f40dc12",
                            "monitoring": "false",
                            "network_interface_id": "eni-afd5d1f1",
                            "private_dns": "ip-172-31-42-78.eu-west-1.compute.internal",
                            "private_ip": "172.31.42.78",
                            "public_dns": "ec2-52-50-236-74.eu-west-1.compute.amazonaws.com",
                            "public_ip": "52.50.236.74",
                            "root_block_device.#": "1",
                            "root_block_device.0.delete_on_termination": "true",
                            "root_block_device.0.iops": "100",
                            "root_block_device.0.volume_size": "8",
                            "root_block_device.0.volume_type": "gp2",
                            "security_groups.#": "1",
                            "security_groups.36709": "docker-swarm",
                            "source_dest_check": "true",
                            "subnet_id": "subnet-cb6fd092",
                            "tags.%": "1",
                            "tags.Name": "docker-swarm-master",
                            "tenancy": "default",
                            "vpc_security_group_ids.#": "0"
                        },
                        "meta": {
                            "schema_version": "1"
                        },
                        "tainted": true
                    },
                    "deposed": [],
                    "provider": ""
                },
                "aws_security_group.docker-swarm": {
                    "type": "aws_security_group",
                    "depends_on": [],
                    "primary": {
                        "id": "sg-15fe5273",
                        "attributes": {
                            "description": "allow all internal traffic, all traffic http from anywhere",
                            "egress.#": "1",
                            "egress.482069346.cidr_blocks.#": "1",
                            "egress.482069346.cidr_blocks.0": "0.0.0.0/0",
                            "egress.482069346.from_port": "0",
                            "egress.482069346.prefix_list_ids.#": "0",
                            "egress.482069346.protocol": "-1",
                            "egress.482069346.security_groups.#": "0",
                            "egress.482069346.self": "false",
                            "egress.482069346.to_port": "0",
                            "id": "sg-15fe5273",
                            "ingress.#": "3",
                            "ingress.2214680975.cidr_blocks.#": "1",
                            "ingress.2214680975.cidr_blocks.0": "0.0.0.0/0",
                            "ingress.2214680975.from_port": "80",
                            "ingress.2214680975.protocol": "tcp",
                            "ingress.2214680975.security_groups.#": "0",
                            "ingress.2214680975.self": "false",
                            "ingress.2214680975.to_port": "80",
                            "ingress.2541437006.cidr_blocks.#": "1",
                            "ingress.2541437006.cidr_blocks.0": "0.0.0.0/0",
                            "ingress.2541437006.from_port": "22",
                            "ingress.2541437006.protocol": "tcp",
                            "ingress.2541437006.security_groups.#": "0",
                            "ingress.2541437006.self": "false",
                            "ingress.2541437006.to_port": "22",
                            "ingress.753360330.cidr_blocks.#": "0",
                            "ingress.753360330.from_port": "0",
                            "ingress.753360330.protocol": "-1",
                            "ingress.753360330.security_groups.#": "0",
                            "ingress.753360330.self": "true",
                            "ingress.753360330.to_port": "0",
                            "name": "docker-swarm",
                            "owner_id": "376248598259",
                            "tags.%": "0",
                            "vpc_id": "vpc-fdb53598"
                        },
                        "meta": {},
                        "tainted": false
                    },
                    "deposed": [],
                    "provider": ""
                },
                "data.aws_ami.docker-swarm": {
                    "type": "aws_ami",
                    "depends_on": [],
                    "primary": {
                        "id": "ami-b9a0f6ca",
                        "attributes": {
                            "architecture": "x86_64",
                            "block_device_mappings.#": "3",
                            "block_device_mappings.1634610537.device_name": "/dev/sdb",
                            "block_device_mappings.1634610537.ebs.%": "0",
                            "block_device_mappings.1634610537.no_device": "",
                            "block_device_mappings.1634610537.virtual_name": "ephemeral0",
                            "block_device_mappings.2547816212.device_name": "/dev/sda1",
                            "block_device_mappings.2547816212.ebs.%": "6",
                            "block_device_mappings.2547816212.ebs.delete_on_termination": "true",
                            "block_device_mappings.2547816212.ebs.encrypted": "false",
                            "block_device_mappings.2547816212.ebs.iops": "0",
                            "block_device_mappings.2547816212.ebs.snapshot_id": "snap-c3ed5833",
                            "block_device_mappings.2547816212.ebs.volume_size": "8",
                            "block_device_mappings.2547816212.ebs.volume_type": "gp2",
                            "block_device_mappings.2547816212.no_device": "",
                            "block_device_mappings.2547816212.virtual_name": "",
                            "block_device_mappings.3850042718.device_name": "/dev/sdc",
                            "block_device_mappings.3850042718.ebs.%": "0",
                            "block_device_mappings.3850042718.no_device": "",
                            "block_device_mappings.3850042718.virtual_name": "ephemeral1",
                            "creation_date": "2016-11-10T07:39:42.000Z",
                            "filter.#": "1",
                            "filter.1603902897.name": "name",
                            "filter.1603902897.values.#": "1",
                            "filter.1603902897.values.0": "docker-swarm",
                            "hypervisor": "xen",
                            "id": "ami-b9a0f6ca",
                            "image_id": "ami-b9a0f6ca",
                            "image_location": "376248598259/docker-swarm",
                            "image_type": "machine",
                            "most_recent": "true",
                            "name": "docker-swarm",
                            "owner_id": "376248598259",
                            "product_codes.#": "0",
                            "public": "false",
                            "root_device_name": "/dev/sda1",
                            "root_device_type": "ebs",
                            "sriov_net_support": "simple",
                            "state": "available",
                            "state_reason.%": "2",
                            "state_reason.code": "UNSET",
                            "state_reason.message": "UNSET",
                            "tags.#": "0",
                            "virtualization_type": "hvm"
                        },
                        "meta": {},
                        "tainted": false
                    },
                    "deposed": [],
                    "provider": ""
                }
            },
            "depends_on": []
        }
    ]
}
